// !$*UTF8*$!
{
	archiveVersion = 1;
	classes = {
	};
	objectVersion = 42;
	objects = {

/* Begin PBXBuildFile section */
		DD9CF063119BE94D00804F1A /* SEEAGL2View.h in Headers */ = {isa = PBXBuildFile; fileRef = DDFC894910A1B4AA00C6F03F /* SEEAGL2View.h */; };
		DD9CF064119BE94D00804F1A /* SEiPhoneOES2Renderer.h in Headers */ = {isa = PBXBuildFile; fileRef = DDFC894B10A1B4AA00C6F03F /* SEiPhoneOES2Renderer.h */; };
		DD9CF065119BE94D00804F1A /* SEOGLES2BitmapFont.h in Headers */ = {isa = PBXBuildFile; fileRef = DDFC894E10A1B4AA00C6F03F /* SEOGLES2BitmapFont.h */; };
		DD9CF066119BE94D00804F1A /* SEOGLES2FrameBuffer.h in Headers */ = {isa = PBXBuildFile; fileRef = DDFC895410A1B4AA00C6F03F /* SEOGLES2FrameBuffer.h */; };
		DD9CF067119BE94D00804F1A /* SEOGLES2Renderer.h in Headers */ = {isa = PBXBuildFile; fileRef = DDFC895710A1B4AA00C6F03F /* SEOGLES2Renderer.h */; };
		DD9CF068119BE94D00804F1A /* SEOGLES2Resources.h in Headers */ = {isa = PBXBuildFile; fileRef = DDFC895810A1B4AA00C6F03F /* SEOGLES2Resources.h */; };
		DD9CF069119BE94D00804F1A /* SEOGLES2Program.h in Headers */ = {isa = PBXBuildFile; fileRef = DDFC89A410A1B55500C6F03F /* SEOGLES2Program.h */; };
		DD9CF06A119BE94D00804F1A /* SEOGLES2RendererLIB.h in Headers */ = {isa = PBXBuildFile; fileRef = DDFC89AF10A1BE6E00C6F03F /* SEOGLES2RendererLIB.h */; };
		DD9CF06B119BE94D00804F1A /* SEOGLES2RendererPCH.h in Headers */ = {isa = PBXBuildFile; fileRef = DDFC89B110A1BE6E00C6F03F /* SEOGLES2RendererPCH.h */; };
		DD9CF06C119BE94D00804F1A /* SEOGLES2RendererRegister.h in Headers */ = {isa = PBXBuildFile; fileRef = DDFC89B310A1BE6E00C6F03F /* SEOGLES2RendererRegister.h */; };
		DD9CF06D119BE94D00804F1A /* SwingOGLES2Renderer.h in Headers */ = {isa = PBXBuildFile; fileRef = DDFC89B410A1BE6E00C6F03F /* SwingOGLES2Renderer.h */; };
		DD9CF06E119BE95F00804F1A /* SEEAGL2View.m in Sources */ = {isa = PBXBuildFile; fileRef = DDFC894A10A1B4AA00C6F03F /* SEEAGL2View.m */; };
		DD9CF06F119BE95F00804F1A /* SEiPhoneOES2Renderer.mm in Sources */ = {isa = PBXBuildFile; fileRef = DDFC894C10A1B4AA00C6F03F /* SEiPhoneOES2Renderer.mm */; };
		DD9CF070119BE95F00804F1A /* SEOGLES2AlphaState.cpp in Sources */ = {isa = PBXBuildFile; fileRef = DDFC894D10A1B4AA00C6F03F /* SEOGLES2AlphaState.cpp */; };
		DD9CF071119BE95F00804F1A /* SEOGLES2CullState.cpp in Sources */ = {isa = PBXBuildFile; fileRef = DDFC894F10A1B4AA00C6F03F /* SEOGLES2CullState.cpp */; };
		DD9CF072119BE95F00804F1A /* SEOGLES2DrawBuffer.cpp in Sources */ = {isa = PBXBuildFile; fileRef = DDFC895010A1B4AA00C6F03F /* SEOGLES2DrawBuffer.cpp */; };
		DD9CF073119BE95F00804F1A /* SEOGLES2DrawElements.cpp in Sources */ = {isa = PBXBuildFile; fileRef = DDFC895110A1B4AA00C6F03F /* SEOGLES2DrawElements.cpp */; };
		DD9CF074119BE95F00804F1A /* SEOGLES2DrawText.cpp in Sources */ = {isa = PBXBuildFile; fileRef = DDFC895210A1B4AA00C6F03F /* SEOGLES2DrawText.cpp */; };
		DD9CF075119BE95F00804F1A /* SEOGLES2FrameBuffer.cpp in Sources */ = {isa = PBXBuildFile; fileRef = DDFC895310A1B4AA00C6F03F /* SEOGLES2FrameBuffer.cpp */; };
		DD9CF076119BE95F00804F1A /* SEOGLES2PolygonOffsetState.cpp in Sources */ = {isa = PBXBuildFile; fileRef = DDFC895510A1B4AA00C6F03F /* SEOGLES2PolygonOffsetState.cpp */; };
		DD9CF077119BE95F00804F1A /* SEOGLES2Renderer.cpp in Sources */ = {isa = PBXBuildFile; fileRef = DDFC895610A1B4AA00C6F03F /* SEOGLES2Renderer.cpp */; };
		DD9CF078119BE95F00804F1A /* SEOGLES2ResourcesED.cpp in Sources */ = {isa = PBXBuildFile; fileRef = DDFC895910A1B4AA00C6F03F /* SEOGLES2ResourcesED.cpp */; };
		DD9CF079119BE95F00804F1A /* SEOGLES2ResourcesLR.cpp in Sources */ = {isa = PBXBuildFile; fileRef = DDFC895A10A1B4AA00C6F03F /* SEOGLES2ResourcesLR.cpp */; };
		DD9CF07A119BE95F00804F1A /* SEOGLES2StencilState.cpp in Sources */ = {isa = PBXBuildFile; fileRef = DDFC895B10A1B4AA00C6F03F /* SEOGLES2StencilState.cpp */; };
		DD9CF07B119BE95F00804F1A /* SEOGLES2Transformation.cpp in Sources */ = {isa = PBXBuildFile; fileRef = DDFC895C10A1B4AA00C6F03F /* SEOGLES2Transformation.cpp */; };
		DD9CF07C119BE95F00804F1A /* SEOGLES2UserResources.cpp in Sources */ = {isa = PBXBuildFile; fileRef = DDFC895D10A1B4AA00C6F03F /* SEOGLES2UserResources.cpp */; };
		DD9CF07D119BE95F00804F1A /* SEOGLES2WireframeState.cpp in Sources */ = {isa = PBXBuildFile; fileRef = DDFC895E10A1B4AA00C6F03F /* SEOGLES2WireframeState.cpp */; };
		DD9CF07E119BE95F00804F1A /* SEOGLES2ZBufferState.cpp in Sources */ = {isa = PBXBuildFile; fileRef = DDFC895F10A1B4AA00C6F03F /* SEOGLES2ZBufferState.cpp */; };
		DD9CF07F119BE95F00804F1A /* SEOGLES2Program.cpp in Sources */ = {isa = PBXBuildFile; fileRef = DDFC89A310A1B55500C6F03F /* SEOGLES2Program.cpp */; };
		DD9CF080119BE95F00804F1A /* SEOGLES2RendererPCH.cpp in Sources */ = {isa = PBXBuildFile; fileRef = DDFC89B010A1BE6E00C6F03F /* SEOGLES2RendererPCH.cpp */; };
		DD9CF081119BE95F00804F1A /* SEOGLES2RendererRegister.cpp in Sources */ = {isa = PBXBuildFile; fileRef = DDFC89B210A1BE6E00C6F03F /* SEOGLES2RendererRegister.cpp */; };
		DD9CF083119BE99800804F1A /* SEEAGL2View.h in Headers */ = {isa = PBXBuildFile; fileRef = DDFC894910A1B4AA00C6F03F /* SEEAGL2View.h */; };
		DD9CF084119BE99800804F1A /* SEiPhoneOES2Renderer.h in Headers */ = {isa = PBXBuildFile; fileRef = DDFC894B10A1B4AA00C6F03F /* SEiPhoneOES2Renderer.h */; };
		DD9CF085119BE99800804F1A /* SEOGLES2BitmapFont.h in Headers */ = {isa = PBXBuildFile; fileRef = DDFC894E10A1B4AA00C6F03F /* SEOGLES2BitmapFont.h */; };
		DD9CF086119BE99800804F1A /* SEOGLES2FrameBuffer.h in Headers */ = {isa = PBXBuildFile; fileRef = DDFC895410A1B4AA00C6F03F /* SEOGLES2FrameBuffer.h */; };
		DD9CF087119BE99800804F1A /* SEOGLES2Renderer.h in Headers */ = {isa = PBXBuildFile; fileRef = DDFC895710A1B4AA00C6F03F /* SEOGLES2Renderer.h */; };
		DD9CF088119BE99800804F1A /* SEOGLES2Resources.h in Headers */ = {isa = PBXBuildFile; fileRef = DDFC895810A1B4AA00C6F03F /* SEOGLES2Resources.h */; };
		DD9CF089119BE99800804F1A /* SEOGLES2Program.h in Headers */ = {isa = PBXBuildFile; fileRef = DDFC89A410A1B55500C6F03F /* SEOGLES2Program.h */; };
		DD9CF08A119BE99800804F1A /* SEOGLES2RendererLIB.h in Headers */ = {isa = PBXBuildFile; fileRef = DDFC89AF10A1BE6E00C6F03F /* SEOGLES2RendererLIB.h */; };
		DD9CF08B119BE99800804F1A /* SEOGLES2RendererPCH.h in Headers */ = {isa = PBXBuildFile; fileRef = DDFC89B110A1BE6E00C6F03F /* SEOGLES2RendererPCH.h */; };
		DD9CF08C119BE99800804F1A /* SEOGLES2RendererRegister.h in Headers */ = {isa = PBXBuildFile; fileRef = DDFC89B310A1BE6E00C6F03F /* SEOGLES2RendererRegister.h */; };
		DD9CF08D119BE99800804F1A /* SwingOGLES2Renderer.h in Headers */ = {isa = PBXBuildFile; fileRef = DDFC89B410A1BE6E00C6F03F /* SwingOGLES2Renderer.h */; };
		DD9CF08E119BE9C300804F1A /* SEEAGL2View.m in Sources */ = {isa = PBXBuildFile; fileRef = DDFC894A10A1B4AA00C6F03F /* SEEAGL2View.m */; };
		DD9CF08F119BE9C300804F1A /* SEiPhoneOES2Renderer.mm in Sources */ = {isa = PBXBuildFile; fileRef = DDFC894C10A1B4AA00C6F03F /* SEiPhoneOES2Renderer.mm */; };
		DD9CF090119BE9C300804F1A /* SEOGLES2AlphaState.cpp in Sources */ = {isa = PBXBuildFile; fileRef = DDFC894D10A1B4AA00C6F03F /* SEOGLES2AlphaState.cpp */; };
		DD9CF091119BE9C300804F1A /* SEOGLES2CullState.cpp in Sources */ = {isa = PBXBuildFile; fileRef = DDFC894F10A1B4AA00C6F03F /* SEOGLES2CullState.cpp */; };
		DD9CF092119BE9C300804F1A /* SEOGLES2DrawBuffer.cpp in Sources */ = {isa = PBXBuildFile; fileRef = DDFC895010A1B4AA00C6F03F /* SEOGLES2DrawBuffer.cpp */; };
		DD9CF093119BE9C300804F1A /* SEOGLES2DrawElements.cpp in Sources */ = {isa = PBXBuildFile; fileRef = DDFC895110A1B4AA00C6F03F /* SEOGLES2DrawElements.cpp */; };
		DD9CF094119BE9C300804F1A /* SEOGLES2DrawText.cpp in Sources */ = {isa = PBXBuildFile; fileRef = DDFC895210A1B4AA00C6F03F /* SEOGLES2DrawText.cpp */; };
		DD9CF095119BE9C300804F1A /* SEOGLES2FrameBuffer.cpp in Sources */ = {isa = PBXBuildFile; fileRef = DDFC895310A1B4AA00C6F03F /* SEOGLES2FrameBuffer.cpp */; };
		DD9CF096119BE9C300804F1A /* SEOGLES2PolygonOffsetState.cpp in Sources */ = {isa = PBXBuildFile; fileRef = DDFC895510A1B4AA00C6F03F /* SEOGLES2PolygonOffsetState.cpp */; };
		DD9CF097119BE9C300804F1A /* SEOGLES2Renderer.cpp in Sources */ = {isa = PBXBuildFile; fileRef = DDFC895610A1B4AA00C6F03F /* SEOGLES2Renderer.cpp */; };
		DD9CF098119BE9C300804F1A /* SEOGLES2ResourcesED.cpp in Sources */ = {isa = PBXBuildFile; fileRef = DDFC895910A1B4AA00C6F03F /* SEOGLES2ResourcesED.cpp */; };
		DD9CF099119BE9C300804F1A /* SEOGLES2ResourcesLR.cpp in Sources */ = {isa = PBXBuildFile; fileRef = DDFC895A10A1B4AA00C6F03F /* SEOGLES2ResourcesLR.cpp */; };
		DD9CF09A119BE9C300804F1A /* SEOGLES2StencilState.cpp in Sources */ = {isa = PBXBuildFile; fileRef = DDFC895B10A1B4AA00C6F03F /* SEOGLES2StencilState.cpp */; };
		DD9CF09B119BE9C300804F1A /* SEOGLES2Transformation.cpp in Sources */ = {isa = PBXBuildFile; fileRef = DDFC895C10A1B4AA00C6F03F /* SEOGLES2Transformation.cpp */; };
		DD9CF09C119BE9C300804F1A /* SEOGLES2UserResources.cpp in Sources */ = {isa = PBXBuildFile; fileRef = DDFC895D10A1B4AA00C6F03F /* SEOGLES2UserResources.cpp */; };
		DD9CF09D119BE9C300804F1A /* SEOGLES2WireframeState.cpp in Sources */ = {isa = PBXBuildFile; fileRef = DDFC895E10A1B4AA00C6F03F /* SEOGLES2WireframeState.cpp */; };
		DD9CF09E119BE9C300804F1A /* SEOGLES2ZBufferState.cpp in Sources */ = {isa = PBXBuildFile; fileRef = DDFC895F10A1B4AA00C6F03F /* SEOGLES2ZBufferState.cpp */; };
		DD9CF09F119BE9C300804F1A /* SEOGLES2Program.cpp in Sources */ = {isa = PBXBuildFile; fileRef = DDFC89A310A1B55500C6F03F /* SEOGLES2Program.cpp */; };
		DD9CF0A0119BE9C300804F1A /* SEOGLES2RendererPCH.cpp in Sources */ = {isa = PBXBuildFile; fileRef = DDFC89B010A1BE6E00C6F03F /* SEOGLES2RendererPCH.cpp */; };
		DD9CF0A1119BE9C300804F1A /* SEOGLES2RendererRegister.cpp in Sources */ = {isa = PBXBuildFile; fileRef = DDFC89B210A1BE6E00C6F03F /* SEOGLES2RendererRegister.cpp */; };
		DDFC896210A1B4AA00C6F03F /* SEEAGL2View.h in Headers */ = {isa = PBXBuildFile; fileRef = DDFC894910A1B4AA00C6F03F /* SEEAGL2View.h */; };
		DDFC896310A1B4AA00C6F03F /* SEEAGL2View.m in Sources */ = {isa = PBXBuildFile; fileRef = DDFC894A10A1B4AA00C6F03F /* SEEAGL2View.m */; };
		DDFC896410A1B4AA00C6F03F /* SEiPhoneOES2Renderer.h in Headers */ = {isa = PBXBuildFile; fileRef = DDFC894B10A1B4AA00C6F03F /* SEiPhoneOES2Renderer.h */; };
		DDFC896510A1B4AA00C6F03F /* SEiPhoneOES2Renderer.mm in Sources */ = {isa = PBXBuildFile; fileRef = DDFC894C10A1B4AA00C6F03F /* SEiPhoneOES2Renderer.mm */; };
		DDFC896610A1B4AA00C6F03F /* SEOGLES2AlphaState.cpp in Sources */ = {isa = PBXBuildFile; fileRef = DDFC894D10A1B4AA00C6F03F /* SEOGLES2AlphaState.cpp */; };
		DDFC896710A1B4AA00C6F03F /* SEOGLES2BitmapFont.h in Headers */ = {isa = PBXBuildFile; fileRef = DDFC894E10A1B4AA00C6F03F /* SEOGLES2BitmapFont.h */; };
		DDFC896810A1B4AA00C6F03F /* SEOGLES2CullState.cpp in Sources */ = {isa = PBXBuildFile; fileRef = DDFC894F10A1B4AA00C6F03F /* SEOGLES2CullState.cpp */; };
		DDFC896910A1B4AA00C6F03F /* SEOGLES2DrawBuffer.cpp in Sources */ = {isa = PBXBuildFile; fileRef = DDFC895010A1B4AA00C6F03F /* SEOGLES2DrawBuffer.cpp */; };
		DDFC896A10A1B4AA00C6F03F /* SEOGLES2DrawElements.cpp in Sources */ = {isa = PBXBuildFile; fileRef = DDFC895110A1B4AA00C6F03F /* SEOGLES2DrawElements.cpp */; };
		DDFC896B10A1B4AA00C6F03F /* SEOGLES2DrawText.cpp in Sources */ = {isa = PBXBuildFile; fileRef = DDFC895210A1B4AA00C6F03F /* SEOGLES2DrawText.cpp */; };
		DDFC896C10A1B4AA00C6F03F /* SEOGLES2FrameBuffer.cpp in Sources */ = {isa = PBXBuildFile; fileRef = DDFC895310A1B4AA00C6F03F /* SEOGLES2FrameBuffer.cpp */; };
		DDFC896D10A1B4AA00C6F03F /* SEOGLES2FrameBuffer.h in Headers */ = {isa = PBXBuildFile; fileRef = DDFC895410A1B4AA00C6F03F /* SEOGLES2FrameBuffer.h */; };
		DDFC896E10A1B4AA00C6F03F /* SEOGLES2PolygonOffsetState.cpp in Sources */ = {isa = PBXBuildFile; fileRef = DDFC895510A1B4AA00C6F03F /* SEOGLES2PolygonOffsetState.cpp */; };
		DDFC896F10A1B4AA00C6F03F /* SEOGLES2Renderer.cpp in Sources */ = {isa = PBXBuildFile; fileRef = DDFC895610A1B4AA00C6F03F /* SEOGLES2Renderer.cpp */; };
		DDFC897010A1B4AA00C6F03F /* SEOGLES2Renderer.h in Headers */ = {isa = PBXBuildFile; fileRef = DDFC895710A1B4AA00C6F03F /* SEOGLES2Renderer.h */; };
		DDFC897110A1B4AA00C6F03F /* SEOGLES2Resources.h in Headers */ = {isa = PBXBuildFile; fileRef = DDFC895810A1B4AA00C6F03F /* SEOGLES2Resources.h */; };
		DDFC897210A1B4AA00C6F03F /* SEOGLES2ResourcesED.cpp in Sources */ = {isa = PBXBuildFile; fileRef = DDFC895910A1B4AA00C6F03F /* SEOGLES2ResourcesED.cpp */; };
		DDFC897310A1B4AA00C6F03F /* SEOGLES2ResourcesLR.cpp in Sources */ = {isa = PBXBuildFile; fileRef = DDFC895A10A1B4AA00C6F03F /* SEOGLES2ResourcesLR.cpp */; };
		DDFC897410A1B4AA00C6F03F /* SEOGLES2StencilState.cpp in Sources */ = {isa = PBXBuildFile; fileRef = DDFC895B10A1B4AA00C6F03F /* SEOGLES2StencilState.cpp */; };
		DDFC897510A1B4AA00C6F03F /* SEOGLES2Transformation.cpp in Sources */ = {isa = PBXBuildFile; fileRef = DDFC895C10A1B4AA00C6F03F /* SEOGLES2Transformation.cpp */; };
		DDFC897610A1B4AA00C6F03F /* SEOGLES2UserResources.cpp in Sources */ = {isa = PBXBuildFile; fileRef = DDFC895D10A1B4AA00C6F03F /* SEOGLES2UserResources.cpp */; };
		DDFC897710A1B4AA00C6F03F /* SEOGLES2WireframeState.cpp in Sources */ = {isa = PBXBuildFile; fileRef = DDFC895E10A1B4AA00C6F03F /* SEOGLES2WireframeState.cpp */; };
		DDFC897810A1B4AA00C6F03F /* SEOGLES2ZBufferState.cpp in Sources */ = {isa = PBXBuildFile; fileRef = DDFC895F10A1B4AA00C6F03F /* SEOGLES2ZBufferState.cpp */; };
		DDFC897B10A1B4AA00C6F03F /* SEEAGL2View.h in Headers */ = {isa = PBXBuildFile; fileRef = DDFC894910A1B4AA00C6F03F /* SEEAGL2View.h */; };
		DDFC897C10A1B4AA00C6F03F /* SEEAGL2View.m in Sources */ = {isa = PBXBuildFile; fileRef = DDFC894A10A1B4AA00C6F03F /* SEEAGL2View.m */; };
		DDFC897D10A1B4AA00C6F03F /* SEiPhoneOES2Renderer.h in Headers */ = {isa = PBXBuildFile; fileRef = DDFC894B10A1B4AA00C6F03F /* SEiPhoneOES2Renderer.h */; };
		DDFC897E10A1B4AA00C6F03F /* SEiPhoneOES2Renderer.mm in Sources */ = {isa = PBXBuildFile; fileRef = DDFC894C10A1B4AA00C6F03F /* SEiPhoneOES2Renderer.mm */; };
		DDFC897F10A1B4AA00C6F03F /* SEOGLES2AlphaState.cpp in Sources */ = {isa = PBXBuildFile; fileRef = DDFC894D10A1B4AA00C6F03F /* SEOGLES2AlphaState.cpp */; };
		DDFC898010A1B4AA00C6F03F /* SEOGLES2BitmapFont.h in Headers */ = {isa = PBXBuildFile; fileRef = DDFC894E10A1B4AA00C6F03F /* SEOGLES2BitmapFont.h */; };
		DDFC898110A1B4AA00C6F03F /* SEOGLES2CullState.cpp in Sources */ = {isa = PBXBuildFile; fileRef = DDFC894F10A1B4AA00C6F03F /* SEOGLES2CullState.cpp */; };
		DDFC898210A1B4AA00C6F03F /* SEOGLES2DrawBuffer.cpp in Sources */ = {isa = PBXBuildFile; fileRef = DDFC895010A1B4AA00C6F03F /* SEOGLES2DrawBuffer.cpp */; };
		DDFC898310A1B4AA00C6F03F /* SEOGLES2DrawElements.cpp in Sources */ = {isa = PBXBuildFile; fileRef = DDFC895110A1B4AA00C6F03F /* SEOGLES2DrawElements.cpp */; };
		DDFC898410A1B4AA00C6F03F /* SEOGLES2DrawText.cpp in Sources */ = {isa = PBXBuildFile; fileRef = DDFC895210A1B4AA00C6F03F /* SEOGLES2DrawText.cpp */; };
		DDFC898510A1B4AA00C6F03F /* SEOGLES2FrameBuffer.cpp in Sources */ = {isa = PBXBuildFile; fileRef = DDFC895310A1B4AA00C6F03F /* SEOGLES2FrameBuffer.cpp */; };
		DDFC898610A1B4AA00C6F03F /* SEOGLES2FrameBuffer.h in Headers */ = {isa = PBXBuildFile; fileRef = DDFC895410A1B4AA00C6F03F /* SEOGLES2FrameBuffer.h */; };
		DDFC898710A1B4AA00C6F03F /* SEOGLES2PolygonOffsetState.cpp in Sources */ = {isa = PBXBuildFile; fileRef = DDFC895510A1B4AA00C6F03F /* SEOGLES2PolygonOffsetState.cpp */; };
		DDFC898810A1B4AA00C6F03F /* SEOGLES2Renderer.cpp in Sources */ = {isa = PBXBuildFile; fileRef = DDFC895610A1B4AA00C6F03F /* SEOGLES2Renderer.cpp */; };
		DDFC898910A1B4AA00C6F03F /* SEOGLES2Renderer.h in Headers */ = {isa = PBXBuildFile; fileRef = DDFC895710A1B4AA00C6F03F /* SEOGLES2Renderer.h */; };
		DDFC898A10A1B4AA00C6F03F /* SEOGLES2Resources.h in Headers */ = {isa = PBXBuildFile; fileRef = DDFC895810A1B4AA00C6F03F /* SEOGLES2Resources.h */; };
		DDFC898B10A1B4AA00C6F03F /* SEOGLES2ResourcesED.cpp in Sources */ = {isa = PBXBuildFile; fileRef = DDFC895910A1B4AA00C6F03F /* SEOGLES2ResourcesED.cpp */; };
		DDFC898C10A1B4AA00C6F03F /* SEOGLES2ResourcesLR.cpp in Sources */ = {isa = PBXBuildFile; fileRef = DDFC895A10A1B4AA00C6F03F /* SEOGLES2ResourcesLR.cpp */; };
		DDFC898D10A1B4AA00C6F03F /* SEOGLES2StencilState.cpp in Sources */ = {isa = PBXBuildFile; fileRef = DDFC895B10A1B4AA00C6F03F /* SEOGLES2StencilState.cpp */; };
		DDFC898E10A1B4AA00C6F03F /* SEOGLES2Transformation.cpp in Sources */ = {isa = PBXBuildFile; fileRef = DDFC895C10A1B4AA00C6F03F /* SEOGLES2Transformation.cpp */; };
		DDFC898F10A1B4AA00C6F03F /* SEOGLES2UserResources.cpp in Sources */ = {isa = PBXBuildFile; fileRef = DDFC895D10A1B4AA00C6F03F /* SEOGLES2UserResources.cpp */; };
		DDFC899010A1B4AA00C6F03F /* SEOGLES2WireframeState.cpp in Sources */ = {isa = PBXBuildFile; fileRef = DDFC895E10A1B4AA00C6F03F /* SEOGLES2WireframeState.cpp */; };
		DDFC899110A1B4AA00C6F03F /* SEOGLES2ZBufferState.cpp in Sources */ = {isa = PBXBuildFile; fileRef = DDFC895F10A1B4AA00C6F03F /* SEOGLES2ZBufferState.cpp */; };
		DDFC89A510A1B55500C6F03F /* SEOGLES2Program.cpp in Sources */ = {isa = PBXBuildFile; fileRef = DDFC89A310A1B55500C6F03F /* SEOGLES2Program.cpp */; };
		DDFC89A610A1B55500C6F03F /* SEOGLES2Program.h in Headers */ = {isa = PBXBuildFile; fileRef = DDFC89A410A1B55500C6F03F /* SEOGLES2Program.h */; };
		DDFC89A710A1B55500C6F03F /* SEOGLES2Program.cpp in Sources */ = {isa = PBXBuildFile; fileRef = DDFC89A310A1B55500C6F03F /* SEOGLES2Program.cpp */; };
		DDFC89A810A1B55500C6F03F /* SEOGLES2Program.h in Headers */ = {isa = PBXBuildFile; fileRef = DDFC89A410A1B55500C6F03F /* SEOGLES2Program.h */; };
		DDFC89B510A1BE6E00C6F03F /* SEOGLES2RendererLIB.h in Headers */ = {isa = PBXBuildFile; fileRef = DDFC89AF10A1BE6E00C6F03F /* SEOGLES2RendererLIB.h */; };
		DDFC89B610A1BE6E00C6F03F /* SEOGLES2RendererPCH.cpp in Sources */ = {isa = PBXBuildFile; fileRef = DDFC89B010A1BE6E00C6F03F /* SEOGLES2RendererPCH.cpp */; };
		DDFC89B710A1BE6E00C6F03F /* SEOGLES2RendererPCH.h in Headers */ = {isa = PBXBuildFile; fileRef = DDFC89B110A1BE6E00C6F03F /* SEOGLES2RendererPCH.h */; };
		DDFC89B810A1BE6E00C6F03F /* SEOGLES2RendererRegister.cpp in Sources */ = {isa = PBXBuildFile; fileRef = DDFC89B210A1BE6E00C6F03F /* SEOGLES2RendererRegister.cpp */; };
		DDFC89B910A1BE6E00C6F03F /* SEOGLES2RendererRegister.h in Headers */ = {isa = PBXBuildFile; fileRef = DDFC89B310A1BE6E00C6F03F /* SEOGLES2RendererRegister.h */; };
		DDFC89BA10A1BE6E00C6F03F /* SwingOGLES2Renderer.h in Headers */ = {isa = PBXBuildFile; fileRef = DDFC89B410A1BE6E00C6F03F /* SwingOGLES2Renderer.h */; };
		DDFC89BB10A1BE6E00C6F03F /* SEOGLES2RendererLIB.h in Headers */ = {isa = PBXBuildFile; fileRef = DDFC89AF10A1BE6E00C6F03F /* SEOGLES2RendererLIB.h */; };
		DDFC89BC10A1BE6E00C6F03F /* SEOGLES2RendererPCH.cpp in Sources */ = {isa = PBXBuildFile; fileRef = DDFC89B010A1BE6E00C6F03F /* SEOGLES2RendererPCH.cpp */; };
		DDFC89BD10A1BE6E00C6F03F /* SEOGLES2RendererPCH.h in Headers */ = {isa = PBXBuildFile; fileRef = DDFC89B110A1BE6E00C6F03F /* SEOGLES2RendererPCH.h */; };
		DDFC89BE10A1BE6E00C6F03F /* SEOGLES2RendererRegister.cpp in Sources */ = {isa = PBXBuildFile; fileRef = DDFC89B210A1BE6E00C6F03F /* SEOGLES2RendererRegister.cpp */; };
		DDFC89BF10A1BE6E00C6F03F /* SEOGLES2RendererRegister.h in Headers */ = {isa = PBXBuildFile; fileRef = DDFC89B310A1BE6E00C6F03F /* SEOGLES2RendererRegister.h */; };
		DDFC89C010A1BE6E00C6F03F /* SwingOGLES2Renderer.h in Headers */ = {isa = PBXBuildFile; fileRef = DDFC89B410A1BE6E00C6F03F /* SwingOGLES2Renderer.h */; };
/* End PBXBuildFile section */

/* Begin PBXFileReference section */
		528989660E9DB4E7000BBA95 /* libSEiPhoneOES2Rendererd_iPhoneSim.a */ = {isa = PBXFileReference; explicitFileType = archive.ar; includeInIndex = 0; path = libSEiPhoneOES2Rendererd_iPhoneSim.a; sourceTree = BUILT_PRODUCTS_DIR; };
		5289896F0E9DB4FD000BBA95 /* libSEiPhoneOES2Renderer_iPhoneSim.a */ = {isa = PBXFileReference; explicitFileType = archive.ar; includeInIndex = 0; path = libSEiPhoneOES2Renderer_iPhoneSim.a; sourceTree = BUILT_PRODUCTS_DIR; };
		DD9CF056119BE90100804F1A /* libSEiPhoneOES2Rendererd_iPhoneDev.a */ = {isa = PBXFileReference; explicitFileType = archive.ar; includeInIndex = 0; path = libSEiPhoneOES2Rendererd_iPhoneDev.a; sourceTree = BUILT_PRODUCTS_DIR; };
		DD9CF05D119BE92200804F1A /* libSEiPhoneOES2Renderer_iPhoneDev.a */ = {isa = PBXFileReference; explicitFileType = archive.ar; includeInIndex = 0; path = libSEiPhoneOES2Renderer_iPhoneDev.a; sourceTree = BUILT_PRODUCTS_DIR; };
		DDFC894910A1B4AA00C6F03F /* SEEAGL2View.h */ = {isa = PBXFileReference; fileEncoding = 2147483673; lastKnownFileType = sourcecode.c.h; name = SEEAGL2View.h; path = SEOGLES2Rendering/SEEAGL2View.h; sourceTree = "<group>"; };
		DDFC894A10A1B4AA00C6F03F /* SEEAGL2View.m */ = {isa = PBXFileReference; fileEncoding = 2147483673; lastKnownFileType = sourcecode.c.objc; name = SEEAGL2View.m; path = SEOGLES2Rendering/SEEAGL2View.m; sourceTree = "<group>"; };
		DDFC894B10A1B4AA00C6F03F /* SEiPhoneOES2Renderer.h */ = {isa = PBXFileReference; fileEncoding = 2147483673; lastKnownFileType = sourcecode.c.h; name = SEiPhoneOES2Renderer.h; path = SEOGLES2Rendering/SEiPhoneOES2Renderer.h; sourceTree = "<group>"; };
		DDFC894C10A1B4AA00C6F03F /* SEiPhoneOES2Renderer.mm */ = {isa = PBXFileReference; fileEncoding = 2147483673; lastKnownFileType = sourcecode.cpp.objcpp; name = SEiPhoneOES2Renderer.mm; path = SEOGLES2Rendering/SEiPhoneOES2Renderer.mm; sourceTree = "<group>"; };
		DDFC894D10A1B4AA00C6F03F /* SEOGLES2AlphaState.cpp */ = {isa = PBXFileReference; fileEncoding = 2147483673; lastKnownFileType = sourcecode.cpp.cpp; name = SEOGLES2AlphaState.cpp; path = SEOGLES2Rendering/SEOGLES2AlphaState.cpp; sourceTree = "<group>"; };
		DDFC894E10A1B4AA00C6F03F /* SEOGLES2BitmapFont.h */ = {isa = PBXFileReference; fileEncoding = 2147483673; lastKnownFileType = sourcecode.c.h; name = SEOGLES2BitmapFont.h; path = SEOGLES2Rendering/SEOGLES2BitmapFont.h; sourceTree = "<group>"; };
		DDFC894F10A1B4AA00C6F03F /* SEOGLES2CullState.cpp */ = {isa = PBXFileReference; fileEncoding = 2147483673; lastKnownFileType = sourcecode.cpp.cpp; name = SEOGLES2CullState.cpp; path = SEOGLES2Rendering/SEOGLES2CullState.cpp; sourceTree = "<group>"; };
		DDFC895010A1B4AA00C6F03F /* SEOGLES2DrawBuffer.cpp */ = {isa = PBXFileReference; fileEncoding = 2147483673; lastKnownFileType = sourcecode.cpp.cpp; name = SEOGLES2DrawBuffer.cpp; path = SEOGLES2Rendering/SEOGLES2DrawBuffer.cpp; sourceTree = "<group>"; };
		DDFC895110A1B4AA00C6F03F /* SEOGLES2DrawElements.cpp */ = {isa = PBXFileReference; fileEncoding = 2147483673; lastKnownFileType = sourcecode.cpp.cpp; name = SEOGLES2DrawElements.cpp; path = SEOGLES2Rendering/SEOGLES2DrawElements.cpp; sourceTree = "<group>"; };
		DDFC895210A1B4AA00C6F03F /* SEOGLES2DrawText.cpp */ = {isa = PBXFileReference; fileEncoding = 2147483673; lastKnownFileType = sourcecode.cpp.cpp; name = SEOGLES2DrawText.cpp; path = SEOGLES2Rendering/SEOGLES2DrawText.cpp; sourceTree = "<group>"; };
		DDFC895310A1B4AA00C6F03F /* SEOGLES2FrameBuffer.cpp */ = {isa = PBXFileReference; fileEncoding = 2147483673; lastKnownFileType = sourcecode.cpp.cpp; name = SEOGLES2FrameBuffer.cpp; path = SEOGLES2Rendering/SEOGLES2FrameBuffer.cpp; sourceTree = "<group>"; };
		DDFC895410A1B4AA00C6F03F /* SEOGLES2FrameBuffer.h */ = {isa = PBXFileReference; fileEncoding = 2147483673; lastKnownFileType = sourcecode.c.h; name = SEOGLES2FrameBuffer.h; path = SEOGLES2Rendering/SEOGLES2FrameBuffer.h; sourceTree = "<group>"; };
		DDFC895510A1B4AA00C6F03F /* SEOGLES2PolygonOffsetState.cpp */ = {isa = PBXFileReference; fileEncoding = 2147483673; lastKnownFileType = sourcecode.cpp.cpp; name = SEOGLES2PolygonOffsetState.cpp; path = SEOGLES2Rendering/SEOGLES2PolygonOffsetState.cpp; sourceTree = "<group>"; };
		DDFC895610A1B4AA00C6F03F /* SEOGLES2Renderer.cpp */ = {isa = PBXFileReference; fileEncoding = 2147483673; lastKnownFileType = sourcecode.cpp.cpp; name = SEOGLES2Renderer.cpp; path = SEOGLES2Rendering/SEOGLES2Renderer.cpp; sourceTree = "<group>"; };
		DDFC895710A1B4AA00C6F03F /* SEOGLES2Renderer.h */ = {isa = PBXFileReference; fileEncoding = 2147483673; lastKnownFileType = sourcecode.c.h; name = SEOGLES2Renderer.h; path = SEOGLES2Rendering/SEOGLES2Renderer.h; sourceTree = "<group>"; };
		DDFC895810A1B4AA00C6F03F /* SEOGLES2Resources.h */ = {isa = PBXFileReference; fileEncoding = 2147483673; lastKnownFileType = sourcecode.c.h; name = SEOGLES2Resources.h; path = SEOGLES2Rendering/SEOGLES2Resources.h; sourceTree = "<group>"; };
		DDFC895910A1B4AA00C6F03F /* SEOGLES2ResourcesED.cpp */ = {isa = PBXFileReference; fileEncoding = 2147483673; lastKnownFileType = sourcecode.cpp.cpp; name = SEOGLES2ResourcesED.cpp; path = SEOGLES2Rendering/SEOGLES2ResourcesED.cpp; sourceTree = "<group>"; };
		DDFC895A10A1B4AA00C6F03F /* SEOGLES2ResourcesLR.cpp */ = {isa = PBXFileReference; fileEncoding = 2147483673; lastKnownFileType = sourcecode.cpp.cpp; name = SEOGLES2ResourcesLR.cpp; path = SEOGLES2Rendering/SEOGLES2ResourcesLR.cpp; sourceTree = "<group>"; };
		DDFC895B10A1B4AA00C6F03F /* SEOGLES2StencilState.cpp */ = {isa = PBXFileReference; fileEncoding = 2147483673; lastKnownFileType = sourcecode.cpp.cpp; name = SEOGLES2StencilState.cpp; path = SEOGLES2Rendering/SEOGLES2StencilState.cpp; sourceTree = "<group>"; };
		DDFC895C10A1B4AA00C6F03F /* SEOGLES2Transformation.cpp */ = {isa = PBXFileReference; fileEncoding = 2147483673; lastKnownFileType = sourcecode.cpp.cpp; name = SEOGLES2Transformation.cpp; path = SEOGLES2Rendering/SEOGLES2Transformation.cpp; sourceTree = "<group>"; };
		DDFC895D10A1B4AA00C6F03F /* SEOGLES2UserResources.cpp */ = {isa = PBXFileReference; fileEncoding = 2147483673; lastKnownFileType = sourcecode.cpp.cpp; name = SEOGLES2UserResources.cpp; path = SEOGLES2Rendering/SEOGLES2UserResources.cpp; sourceTree = "<group>"; };
		DDFC895E10A1B4AA00C6F03F /* SEOGLES2WireframeState.cpp */ = {isa = PBXFileReference; fileEncoding = 2147483673; lastKnownFileType = sourcecode.cpp.cpp; name = SEOGLES2WireframeState.cpp; path = SEOGLES2Rendering/SEOGLES2WireframeState.cpp; sourceTree = "<group>"; };
		DDFC895F10A1B4AA00C6F03F /* SEOGLES2ZBufferState.cpp */ = {isa = PBXFileReference; fileEncoding = 2147483673; lastKnownFileType = sourcecode.cpp.cpp; name = SEOGLES2ZBufferState.cpp; path = SEOGLES2Rendering/SEOGLES2ZBufferState.cpp; sourceTree = "<group>"; };
		DDFC89A310A1B55500C6F03F /* SEOGLES2Program.cpp */ = {isa = PBXFileReference; fileEncoding = 2147483673; lastKnownFileType = sourcecode.cpp.cpp; name = SEOGLES2Program.cpp; path = SEOGLES2Shaders/SEOGLES2Program.cpp; sourceTree = "<group>"; };
		DDFC89A410A1B55500C6F03F /* SEOGLES2Program.h */ = {isa = PBXFileReference; fileEncoding = 2147483673; lastKnownFileType = sourcecode.c.h; name = SEOGLES2Program.h; path = SEOGLES2Shaders/SEOGLES2Program.h; sourceTree = "<group>"; };
		DDFC89AF10A1BE6E00C6F03F /* SEOGLES2RendererLIB.h */ = {isa = PBXFileReference; fileEncoding = 2147483673; lastKnownFileType = sourcecode.c.h; path = SEOGLES2RendererLIB.h; sourceTree = "<group>"; };
		DDFC89B010A1BE6E00C6F03F /* SEOGLES2RendererPCH.cpp */ = {isa = PBXFileReference; fileEncoding = 2147483673; lastKnownFileType = sourcecode.cpp.cpp; path = SEOGLES2RendererPCH.cpp; sourceTree = "<group>"; };
		DDFC89B110A1BE6E00C6F03F /* SEOGLES2RendererPCH.h */ = {isa = PBXFileReference; fileEncoding = 2147483673; lastKnownFileType = sourcecode.c.h; path = SEOGLES2RendererPCH.h; sourceTree = "<group>"; };
		DDFC89B210A1BE6E00C6F03F /* SEOGLES2RendererRegister.cpp */ = {isa = PBXFileReference; fileEncoding = 2147483673; lastKnownFileType = sourcecode.cpp.cpp; path = SEOGLES2RendererRegister.cpp; sourceTree = "<group>"; };
		DDFC89B310A1BE6E00C6F03F /* SEOGLES2RendererRegister.h */ = {isa = PBXFileReference; fileEncoding = 2147483673; lastKnownFileType = sourcecode.c.h; path = SEOGLES2RendererRegister.h; sourceTree = "<group>"; };
		DDFC89B410A1BE6E00C6F03F /* SwingOGLES2Renderer.h */ = {isa = PBXFileReference; fileEncoding = 2147483673; lastKnownFileType = sourcecode.c.h; path = SwingOGLES2Renderer.h; sourceTree = "<group>"; };
/* End PBXFileReference section */

/* Begin PBXFrameworksBuildPhase section */
		528989640E9DB4E7000BBA95 /* Frameworks */ = {
			isa = PBXFrameworksBuildPhase;
			buildActionMask = 2147483647;
			files = (
			);
			runOnlyForDeploymentPostprocessing = 0;
		};
		5289896D0E9DB4FD000BBA95 /* Frameworks */ = {
			isa = PBXFrameworksBuildPhase;
			buildActionMask = 2147483647;
			files = (
			);
			runOnlyForDeploymentPostprocessing = 0;
		};
		DD9CF054119BE90100804F1A /* Frameworks */ = {
			isa = PBXFrameworksBuildPhase;
			buildActionMask = 2147483647;
			files = (
			);
			runOnlyForDeploymentPostprocessing = 0;
		};
		DD9CF05B119BE92200804F1A /* Frameworks */ = {
			isa = PBXFrameworksBuildPhase;
			buildActionMask = 2147483647;
			files = (
			);
			runOnlyForDeploymentPostprocessing = 0;
		};
/* End PBXFrameworksBuildPhase section */

/* Begin PBXGroup section */
		5289894F0E9DB486000BBA95 = {
			isa = PBXGroup;
			children = (
				52898A450E9DB7FB000BBA95 /* Sources */,
				528989670E9DB4E7000BBA95 /* Products */,
			);
			sourceTree = "<group>";
		};
		528989670E9DB4E7000BBA95 /* Products */ = {
			isa = PBXGroup;
			children = (
				528989660E9DB4E7000BBA95 /* libSEiPhoneOES2Rendererd_iPhoneSim.a */,
				5289896F0E9DB4FD000BBA95 /* libSEiPhoneOES2Renderer_iPhoneSim.a */,
				DD9CF056119BE90100804F1A /* libSEiPhoneOES2Rendererd_iPhoneDev.a */,
				DD9CF05D119BE92200804F1A /* libSEiPhoneOES2Renderer_iPhoneDev.a */,
			);
			name = Products;
			sourceTree = "<group>";
		};
		52898A450E9DB7FB000BBA95 /* Sources */ = {
			isa = PBXGroup;
			children = (
				52898A550E9DB968000BBA95 /* SEOGLES2Rendering */,
				DDFC899410A1B4BE00C6F03F /* SEOGLES2Shaders */,
				DDFC89AF10A1BE6E00C6F03F /* SEOGLES2RendererLIB.h */,
				DDFC89B010A1BE6E00C6F03F /* SEOGLES2RendererPCH.cpp */,
				DDFC89B110A1BE6E00C6F03F /* SEOGLES2RendererPCH.h */,
				DDFC89B210A1BE6E00C6F03F /* SEOGLES2RendererRegister.cpp */,
				DDFC89B310A1BE6E00C6F03F /* SEOGLES2RendererRegister.h */,
				DDFC89B410A1BE6E00C6F03F /* SwingOGLES2Renderer.h */,
			);
			name = Sources;
			sourceTree = "<group>";
		};
		52898A550E9DB968000BBA95 /* SEOGLES2Rendering */ = {
			isa = PBXGroup;
			children = (
				DDFC894910A1B4AA00C6F03F /* SEEAGL2View.h */,
				DDFC894A10A1B4AA00C6F03F /* SEEAGL2View.m */,
				DDFC894B10A1B4AA00C6F03F /* SEiPhoneOES2Renderer.h */,
				DDFC894C10A1B4AA00C6F03F /* SEiPhoneOES2Renderer.mm */,
				DDFC894D10A1B4AA00C6F03F /* SEOGLES2AlphaState.cpp */,
				DDFC894E10A1B4AA00C6F03F /* SEOGLES2BitmapFont.h */,
				DDFC894F10A1B4AA00C6F03F /* SEOGLES2CullState.cpp */,
				DDFC895010A1B4AA00C6F03F /* SEOGLES2DrawBuffer.cpp */,
				DDFC895110A1B4AA00C6F03F /* SEOGLES2DrawElements.cpp */,
				DDFC895210A1B4AA00C6F03F /* SEOGLES2DrawText.cpp */,
				DDFC895310A1B4AA00C6F03F /* SEOGLES2FrameBuffer.cpp */,
				DDFC895410A1B4AA00C6F03F /* SEOGLES2FrameBuffer.h */,
				DDFC895510A1B4AA00C6F03F /* SEOGLES2PolygonOffsetState.cpp */,
				DDFC895610A1B4AA00C6F03F /* SEOGLES2Renderer.cpp */,
				DDFC895710A1B4AA00C6F03F /* SEOGLES2Renderer.h */,
				DDFC895810A1B4AA00C6F03F /* SEOGLES2Resources.h */,
				DDFC895910A1B4AA00C6F03F /* SEOGLES2ResourcesED.cpp */,
				DDFC895A10A1B4AA00C6F03F /* SEOGLES2ResourcesLR.cpp */,
				DDFC895B10A1B4AA00C6F03F /* SEOGLES2StencilState.cpp */,
				DDFC895C10A1B4AA00C6F03F /* SEOGLES2Transformation.cpp */,
				DDFC895D10A1B4AA00C6F03F /* SEOGLES2UserResources.cpp */,
				DDFC895E10A1B4AA00C6F03F /* SEOGLES2WireframeState.cpp */,
				DDFC895F10A1B4AA00C6F03F /* SEOGLES2ZBufferState.cpp */,
			);
			name = SEOGLES2Rendering;
			sourceTree = "<group>";
		};
		DDFC899410A1B4BE00C6F03F /* SEOGLES2Shaders */ = {
			isa = PBXGroup;
			children = (
				DDFC89A310A1B55500C6F03F /* SEOGLES2Program.cpp */,
				DDFC89A410A1B55500C6F03F /* SEOGLES2Program.h */,
			);
			name = SEOGLES2Shaders;
			sourceTree = "<group>";
		};
/* End PBXGroup section */

/* Begin PBXHeadersBuildPhase section */
		528989620E9DB4E7000BBA95 /* Headers */ = {
			isa = PBXHeadersBuildPhase;
			buildActionMask = 2147483647;
			files = (
				DDFC896210A1B4AA00C6F03F /* SEEAGL2View.h in Headers */,
				DDFC896410A1B4AA00C6F03F /* SEiPhoneOES2Renderer.h in Headers */,
				DDFC896710A1B4AA00C6F03F /* SEOGLES2BitmapFont.h in Headers */,
				DDFC896D10A1B4AA00C6F03F /* SEOGLES2FrameBuffer.h in Headers */,
				DDFC897010A1B4AA00C6F03F /* SEOGLES2Renderer.h in Headers */,
				DDFC897110A1B4AA00C6F03F /* SEOGLES2Resources.h in Headers */,
				DDFC89A610A1B55500C6F03F /* SEOGLES2Program.h in Headers */,
				DDFC89B510A1BE6E00C6F03F /* SEOGLES2RendererLIB.h in Headers */,
				DDFC89B710A1BE6E00C6F03F /* SEOGLES2RendererPCH.h in Headers */,
				DDFC89B910A1BE6E00C6F03F /* SEOGLES2RendererRegister.h in Headers */,
				DDFC89BA10A1BE6E00C6F03F /* SwingOGLES2Renderer.h in Headers */,
			);
			runOnlyForDeploymentPostprocessing = 0;
		};
		5289896B0E9DB4FD000BBA95 /* Headers */ = {
			isa = PBXHeadersBuildPhase;
			buildActionMask = 2147483647;
			files = (
				DDFC897B10A1B4AA00C6F03F /* SEEAGL2View.h in Headers */,
				DDFC897D10A1B4AA00C6F03F /* SEiPhoneOES2Renderer.h in Headers */,
				DDFC898010A1B4AA00C6F03F /* SEOGLES2BitmapFont.h in Headers */,
				DDFC898610A1B4AA00C6F03F /* SEOGLES2FrameBuffer.h in Headers */,
				DDFC898910A1B4AA00C6F03F /* SEOGLES2Renderer.h in Headers */,
				DDFC898A10A1B4AA00C6F03F /* SEOGLES2Resources.h in Headers */,
				DDFC89A810A1B55500C6F03F /* SEOGLES2Program.h in Headers */,
				DDFC89BB10A1BE6E00C6F03F /* SEOGLES2RendererLIB.h in Headers */,
				DDFC89BD10A1BE6E00C6F03F /* SEOGLES2RendererPCH.h in Headers */,
				DDFC89BF10A1BE6E00C6F03F /* SEOGLES2RendererRegister.h in Headers */,
				DDFC89C010A1BE6E00C6F03F /* SwingOGLES2Renderer.h in Headers */,
			);
			runOnlyForDeploymentPostprocessing = 0;
		};
		DD9CF052119BE90100804F1A /* Headers */ = {
			isa = PBXHeadersBuildPhase;
			buildActionMask = 2147483647;
			files = (
				DD9CF063119BE94D00804F1A /* SEEAGL2View.h in Headers */,
				DD9CF064119BE94D00804F1A /* SEiPhoneOES2Renderer.h in Headers */,
				DD9CF065119BE94D00804F1A /* SEOGLES2BitmapFont.h in Headers */,
				DD9CF066119BE94D00804F1A /* SEOGLES2FrameBuffer.h in Headers */,
				DD9CF067119BE94D00804F1A /* SEOGLES2Renderer.h in Headers */,
				DD9CF068119BE94D00804F1A /* SEOGLES2Resources.h in Headers */,
				DD9CF069119BE94D00804F1A /* SEOGLES2Program.h in Headers */,
				DD9CF06A119BE94D00804F1A /* SEOGLES2RendererLIB.h in Headers */,
				DD9CF06B119BE94D00804F1A /* SEOGLES2RendererPCH.h in Headers */,
				DD9CF06C119BE94D00804F1A /* SEOGLES2RendererRegister.h in Headers */,
				DD9CF06D119BE94D00804F1A /* SwingOGLES2Renderer.h in Headers */,
			);
			runOnlyForDeploymentPostprocessing = 0;
		};
		DD9CF059119BE92200804F1A /* Headers */ = {
			isa = PBXHeadersBuildPhase;
			buildActionMask = 2147483647;
			files = (
				DD9CF083119BE99800804F1A /* SEEAGL2View.h in Headers */,
				DD9CF084119BE99800804F1A /* SEiPhoneOES2Renderer.h in Headers */,
				DD9CF085119BE99800804F1A /* SEOGLES2BitmapFont.h in Headers */,
				DD9CF086119BE99800804F1A /* SEOGLES2FrameBuffer.h in Headers */,
				DD9CF087119BE99800804F1A /* SEOGLES2Renderer.h in Headers */,
				DD9CF088119BE99800804F1A /* SEOGLES2Resources.h in Headers */,
				DD9CF089119BE99800804F1A /* SEOGLES2Program.h in Headers */,
				DD9CF08A119BE99800804F1A /* SEOGLES2RendererLIB.h in Headers */,
				DD9CF08B119BE99800804F1A /* SEOGLES2RendererPCH.h in Headers */,
				DD9CF08C119BE99800804F1A /* SEOGLES2RendererRegister.h in Headers */,
				DD9CF08D119BE99800804F1A /* SwingOGLES2Renderer.h in Headers */,
			);
			runOnlyForDeploymentPostprocessing = 0;
		};
/* End PBXHeadersBuildPhase section */

/* Begin PBXNativeTarget section */
		528989650E9DB4E7000BBA95 /* Debug iPhoneSim */ = {
			isa = PBXNativeTarget;
			buildConfigurationList = 5289896A0E9DB4E8000BBA95 /* Build configuration list for PBXNativeTarget "Debug iPhoneSim" */;
			buildPhases = (
				528989620E9DB4E7000BBA95 /* Headers */,
				528989630E9DB4E7000BBA95 /* Sources */,
				528989640E9DB4E7000BBA95 /* Frameworks */,
				52A6CA2F0E9E0D6400AA33B7 /* ShellScript */,
			);
			buildRules = (
			);
			dependencies = (
			);
			name = "Debug iPhoneSim";
			productName = Debug;
			productReference = 528989660E9DB4E7000BBA95 /* libSEiPhoneOES2Rendererd_iPhoneSim.a */;
			productType = "com.apple.product-type.library.static";
		};
		5289896E0E9DB4FD000BBA95 /* Release iPhoneSim */ = {
			isa = PBXNativeTarget;
			buildConfigurationList = 528989740E9DB508000BBA95 /* Build configuration list for PBXNativeTarget "Release iPhoneSim" */;
			buildPhases = (
				5289896B0E9DB4FD000BBA95 /* Headers */,
				5289896C0E9DB4FD000BBA95 /* Sources */,
				5289896D0E9DB4FD000BBA95 /* Frameworks */,
				52A6CA3D0E9E0F7C00AA33B7 /* ShellScript */,
			);
			buildRules = (
			);
			dependencies = (
			);
			name = "Release iPhoneSim";
			productName = Release;
			productReference = 5289896F0E9DB4FD000BBA95 /* libSEiPhoneOES2Renderer_iPhoneSim.a */;
			productType = "com.apple.product-type.library.static";
		};
		DD9CF055119BE90100804F1A /* Debug iPhoneDev */ = {
			isa = PBXNativeTarget;
			buildConfigurationList = DD9CF058119BE92000804F1A /* Build configuration list for PBXNativeTarget "Debug iPhoneDev" */;
			buildPhases = (
				DD9CF052119BE90100804F1A /* Headers */,
				DD9CF053119BE90100804F1A /* Sources */,
				DD9CF054119BE90100804F1A /* Frameworks */,
				DD9CF060119BE93300804F1A /* ShellScript */,
			);
			buildRules = (
			);
			dependencies = (
			);
			name = "Debug iPhoneDev";
			productName = "Debug iPhoneDev";
			productReference = DD9CF056119BE90100804F1A /* libSEiPhoneOES2Rendererd_iPhoneDev.a */;
			productType = "com.apple.product-type.library.static";
		};
		DD9CF05C119BE92200804F1A /* Release iPhoneDev */ = {
			isa = PBXNativeTarget;
			buildConfigurationList = DD9CF082119BE97D00804F1A /* Build configuration list for PBXNativeTarget "Release iPhoneDev" */;
			buildPhases = (
				DD9CF059119BE92200804F1A /* Headers */,
				DD9CF05A119BE92200804F1A /* Sources */,
				DD9CF05B119BE92200804F1A /* Frameworks */,
				DD9CF062119BE93A00804F1A /* ShellScript */,
			);
			buildRules = (
			);
			dependencies = (
			);
			name = "Release iPhoneDev";
			productName = "Release iPhoneDev";
			productReference = DD9CF05D119BE92200804F1A /* libSEiPhoneOES2Renderer_iPhoneDev.a */;
			productType = "com.apple.product-type.library.static";
		};
/* End PBXNativeTarget section */

/* Begin PBXProject section */
		528989510E9DB486000BBA95 /* Project object */ = {
			isa = PBXProject;
			buildConfigurationList = 528989540E9DB486000BBA95 /* Build configuration list for PBXProject "SE_iPhoneOES2_Renderer" */;
			compatibilityVersion = "Xcode 2.4";
			developmentRegion = English;
			hasScannedForEncodings = 0;
			knownRegions = (
				en,
			);
			mainGroup = 5289894F0E9DB486000BBA95;
			productRefGroup = 528989670E9DB4E7000BBA95 /* Products */;
			projectDirPath = "";
			projectRoot = "";
			targets = (
				528989650E9DB4E7000BBA95 /* Debug iPhoneSim */,
				5289896E0E9DB4FD000BBA95 /* Release iPhoneSim */,
				DD9CF055119BE90100804F1A /* Debug iPhoneDev */,
				DD9CF05C119BE92200804F1A /* Release iPhoneDev */,
			);
		};
/* End PBXProject section */

/* Begin PBXShellScriptBuildPhase section */
		52A6CA2F0E9E0D6400AA33B7 /* ShellScript */ = {
			isa = PBXShellScriptBuildPhase;
			buildActionMask = 2147483647;
			files = (
			);
			inputPaths = (
			);
			outputPaths = (
			);
			runOnlyForDeploymentPostprocessing = 0;
			shellPath = /bin/sh;
			shellScript = ./CopySdkDebug_iPhoneSim.sh;
		};
		52A6CA3D0E9E0F7C00AA33B7 /* ShellScript */ = {
			isa = PBXShellScriptBuildPhase;
			buildActionMask = 2147483647;
			files = (
			);
			inputPaths = (
			);
			outputPaths = (
			);
			runOnlyForDeploymentPostprocessing = 0;
			shellPath = /bin/sh;
			shellScript = ./CopySdkRelease_iPhoneSim.sh;
		};
		DD9CF060119BE93300804F1A /* ShellScript */ = {
			isa = PBXShellScriptBuildPhase;
			buildActionMask = 2147483647;
			files = (
			);
			inputPaths = (
			);
			outputPaths = (
			);
			runOnlyForDeploymentPostprocessing = 0;
			shellPath = /bin/sh;
			shellScript = ./CopySdkDebug_iPhoneDev.sh;
		};
		DD9CF062119BE93A00804F1A /* ShellScript */ = {
			isa = PBXShellScriptBuildPhase;
			buildActionMask = 2147483647;
			files = (
			);
			inputPaths = (
			);
			outputPaths = (
			);
			runOnlyForDeploymentPostprocessing = 0;
			shellPath = /bin/sh;
			shellScript = ./CopySdkRelease_iPhoneDev.sh;
		};
/* End PBXShellScriptBuildPhase section */

/* Begin PBXSourcesBuildPhase section */
		528989630E9DB4E7000BBA95 /* Sources */ = {
			isa = PBXSourcesBuildPhase;
			buildActionMask = 2147483647;
			files = (
				DDFC896310A1B4AA00C6F03F /* SEEAGL2View.m in Sources */,
				DDFC896510A1B4AA00C6F03F /* SEiPhoneOES2Renderer.mm in Sources */,
				DDFC896610A1B4AA00C6F03F /* SEOGLES2AlphaState.cpp in Sources */,
				DDFC896810A1B4AA00C6F03F /* SEOGLES2CullState.cpp in Sources */,
				DDFC896910A1B4AA00C6F03F /* SEOGLES2DrawBuffer.cpp in Sources */,
				DDFC896A10A1B4AA00C6F03F /* SEOGLES2DrawElements.cpp in Sources */,
				DDFC896B10A1B4AA00C6F03F /* SEOGLES2DrawText.cpp in Sources */,
				DDFC896C10A1B4AA00C6F03F /* SEOGLES2FrameBuffer.cpp in Sources */,
				DDFC896E10A1B4AA00C6F03F /* SEOGLES2PolygonOffsetState.cpp in Sources */,
				DDFC896F10A1B4AA00C6F03F /* SEOGLES2Renderer.cpp in Sources */,
				DDFC897210A1B4AA00C6F03F /* SEOGLES2ResourcesED.cpp in Sources */,
				DDFC897310A1B4AA00C6F03F /* SEOGLES2ResourcesLR.cpp in Sources */,
				DDFC897410A1B4AA00C6F03F /* SEOGLES2StencilState.cpp in Sources */,
				DDFC897510A1B4AA00C6F03F /* SEOGLES2Transformation.cpp in Sources */,
				DDFC897610A1B4AA00C6F03F /* SEOGLES2UserResources.cpp in Sources */,
				DDFC897710A1B4AA00C6F03F /* SEOGLES2WireframeState.cpp in Sources */,
				DDFC897810A1B4AA00C6F03F /* SEOGLES2ZBufferState.cpp in Sources */,
				DDFC89A510A1B55500C6F03F /* SEOGLES2Program.cpp in Sources */,
				DDFC89B610A1BE6E00C6F03F /* SEOGLES2RendererPCH.cpp in Sources */,
				DDFC89B810A1BE6E00C6F03F /* SEOGLES2RendererRegister.cpp in Sources */,
			);
			runOnlyForDeploymentPostprocessing = 0;
		};
		5289896C0E9DB4FD000BBA95 /* Sources */ = {
			isa = PBXSourcesBuildPhase;
			buildActionMask = 2147483647;
			files = (
				DDFC897C10A1B4AA00C6F03F /* SEEAGL2View.m in Sources */,
				DDFC897E10A1B4AA00C6F03F /* SEiPhoneOES2Renderer.mm in Sources */,
				DDFC897F10A1B4AA00C6F03F /* SEOGLES2AlphaState.cpp in Sources */,
				DDFC898110A1B4AA00C6F03F /* SEOGLES2CullState.cpp in Sources */,
				DDFC898210A1B4AA00C6F03F /* SEOGLES2DrawBuffer.cpp in Sources */,
				DDFC898310A1B4AA00C6F03F /* SEOGLES2DrawElements.cpp in Sources */,
				DDFC898410A1B4AA00C6F03F /* SEOGLES2DrawText.cpp in Sources */,
				DDFC898510A1B4AA00C6F03F /* SEOGLES2FrameBuffer.cpp in Sources */,
				DDFC898710A1B4AA00C6F03F /* SEOGLES2PolygonOffsetState.cpp in Sources */,
				DDFC898810A1B4AA00C6F03F /* SEOGLES2Renderer.cpp in Sources */,
				DDFC898B10A1B4AA00C6F03F /* SEOGLES2ResourcesED.cpp in Sources */,
				DDFC898C10A1B4AA00C6F03F /* SEOGLES2ResourcesLR.cpp in Sources */,
				DDFC898D10A1B4AA00C6F03F /* SEOGLES2StencilState.cpp in Sources */,
				DDFC898E10A1B4AA00C6F03F /* SEOGLES2Transformation.cpp in Sources */,
				DDFC898F10A1B4AA00C6F03F /* SEOGLES2UserResources.cpp in Sources */,
				DDFC899010A1B4AA00C6F03F /* SEOGLES2WireframeState.cpp in Sources */,
				DDFC899110A1B4AA00C6F03F /* SEOGLES2ZBufferState.cpp in Sources */,
				DDFC89A710A1B55500C6F03F /* SEOGLES2Program.cpp in Sources */,
				DDFC89BC10A1BE6E00C6F03F /* SEOGLES2RendererPCH.cpp in Sources */,
				DDFC89BE10A1BE6E00C6F03F /* SEOGLES2RendererRegister.cpp in Sources */,
			);
			runOnlyForDeploymentPostprocessing = 0;
		};
		DD9CF053119BE90100804F1A /* Sources */ = {
			isa = PBXSourcesBuildPhase;
			buildActionMask = 2147483647;
			files = (
				DD9CF06E119BE95F00804F1A /* SEEAGL2View.m in Sources */,
				DD9CF06F119BE95F00804F1A /* SEiPhoneOES2Renderer.mm in Sources */,
				DD9CF070119BE95F00804F1A /* SEOGLES2AlphaState.cpp in Sources */,
				DD9CF071119BE95F00804F1A /* SEOGLES2CullState.cpp in Sources */,
				DD9CF072119BE95F00804F1A /* SEOGLES2DrawBuffer.cpp in Sources */,
				DD9CF073119BE95F00804F1A /* SEOGLES2DrawElements.cpp in Sources */,
				DD9CF074119BE95F00804F1A /* SEOGLES2DrawText.cpp in Sources */,
				DD9CF075119BE95F00804F1A /* SEOGLES2FrameBuffer.cpp in Sources */,
				DD9CF076119BE95F00804F1A /* SEOGLES2PolygonOffsetState.cpp in Sources */,
				DD9CF077119BE95F00804F1A /* SEOGLES2Renderer.cpp in Sources */,
				DD9CF078119BE95F00804F1A /* SEOGLES2ResourcesED.cpp in Sources */,
				DD9CF079119BE95F00804F1A /* SEOGLES2ResourcesLR.cpp in Sources */,
				DD9CF07A119BE95F00804F1A /* SEOGLES2StencilState.cpp in Sources */,
				DD9CF07B119BE95F00804F1A /* SEOGLES2Transformation.cpp in Sources */,
				DD9CF07C119BE95F00804F1A /* SEOGLES2UserResources.cpp in Sources */,
				DD9CF07D119BE95F00804F1A /* SEOGLES2WireframeState.cpp in Sources */,
				DD9CF07E119BE95F00804F1A /* SEOGLES2ZBufferState.cpp in Sources */,
				DD9CF07F119BE95F00804F1A /* SEOGLES2Program.cpp in Sources */,
				DD9CF080119BE95F00804F1A /* SEOGLES2RendererPCH.cpp in Sources */,
				DD9CF081119BE95F00804F1A /* SEOGLES2RendererRegister.cpp in Sources */,
			);
			runOnlyForDeploymentPostprocessing = 0;
		};
		DD9CF05A119BE92200804F1A /* Sources */ = {
			isa = PBXSourcesBuildPhase;
			buildActionMask = 2147483647;
			files = (
				DD9CF08E119BE9C300804F1A /* SEEAGL2View.m in Sources */,
				DD9CF08F119BE9C300804F1A /* SEiPhoneOES2Renderer.mm in Sources */,
				DD9CF090119BE9C300804F1A /* SEOGLES2AlphaState.cpp in Sources */,
				DD9CF091119BE9C300804F1A /* SEOGLES2CullState.cpp in Sources */,
				DD9CF092119BE9C300804F1A /* SEOGLES2DrawBuffer.cpp in Sources */,
				DD9CF093119BE9C300804F1A /* SEOGLES2DrawElements.cpp in Sources */,
				DD9CF094119BE9C300804F1A /* SEOGLES2DrawText.cpp in Sources */,
				DD9CF095119BE9C300804F1A /* SEOGLES2FrameBuffer.cpp in Sources */,
				DD9CF096119BE9C300804F1A /* SEOGLES2PolygonOffsetState.cpp in Sources */,
				DD9CF097119BE9C300804F1A /* SEOGLES2Renderer.cpp in Sources */,
				DD9CF098119BE9C300804F1A /* SEOGLES2ResourcesED.cpp in Sources */,
				DD9CF099119BE9C300804F1A /* SEOGLES2ResourcesLR.cpp in Sources */,
				DD9CF09A119BE9C300804F1A /* SEOGLES2StencilState.cpp in Sources */,
				DD9CF09B119BE9C300804F1A /* SEOGLES2Transformation.cpp in Sources */,
				DD9CF09C119BE9C300804F1A /* SEOGLES2UserResources.cpp in Sources */,
				DD9CF09D119BE9C300804F1A /* SEOGLES2WireframeState.cpp in Sources */,
				DD9CF09E119BE9C300804F1A /* SEOGLES2ZBufferState.cpp in Sources */,
				DD9CF09F119BE9C300804F1A /* SEOGLES2Program.cpp in Sources */,
				DD9CF0A0119BE9C300804F1A /* SEOGLES2RendererPCH.cpp in Sources */,
				DD9CF0A1119BE9C300804F1A /* SEOGLES2RendererRegister.cpp in Sources */,
			);
			runOnlyForDeploymentPostprocessing = 0;
		};
/* End PBXSourcesBuildPhase section */

/* Begin XCBuildConfiguration section */
		528989520E9DB486000BBA95 /* Default */ = {
			isa = XCBuildConfiguration;
			buildSettings = {
				ARCHS = "$(ONLY_ACTIVE_ARCH_PRE_XCODE_3_1)";
				COPY_PHASE_STRIP = YES;
				MACOSX_DEPLOYMENT_TARGET = "";
				ONLY_ACTIVE_ARCH_PRE_XCODE_3_1 = "$(NATIVE_ARCH)";
				SDKROOT = iphoneos;
				TARGETED_DEVICE_FAMILY = "1,2";
			};
			name = Default;
		};
		528989680E9DB4E8000BBA95 /* Default */ = {
			isa = XCBuildConfiguration;
			buildSettings = {
				ALWAYS_SEARCH_USER_PATHS = YES;
				CONFIGURATION_BUILD_DIR = "$(BUILD_DIR)/$(CONFIGURATION)";
				CONFIGURATION_TEMP_DIR = "$(PROJECT_TEMP_DIR)/$(CONFIGURATION)";
				COPY_PHASE_STRIP = NO;
				DEBUG_INFORMATION_FORMAT = dwarf;
				GCC_DYNAMIC_NO_PIC = NO;
				GCC_ENABLE_CPP_RTTI = NO;
				GCC_ENABLE_FIX_AND_CONTINUE = NO;
				GCC_MODEL_TUNING = G4;
				GCC_OPTIMIZATION_LEVEL = 0;
				GCC_PRECOMPILE_PREFIX_HEADER = YES;
				GCC_PREFIX_HEADER = SEOGLES2RendererPCH.h;
				GCC_PREPROCESSOR_DEFINITIONS = _DEBUG;
				GCC_WARN_ABOUT_DEPRECATED_FUNCTIONS = YES;
				GCC_WARN_UNUSED_VARIABLE = YES;
				HEADER_SEARCH_PATHS = "${SRCROOT}/../../SDK/Include";
				INFOPLIST_OUTPUT_FORMAT = "same-as-input";
				INSTALL_PATH = /usr/local/lib;
				LD_MAP_FILE_PATH = "$(TARGET_TEMP_DIR)/$(PRODUCT_NAME)-LinkMap-$(CURRENT_VARIANT)-$(CURRENT_ARCH).txt";
				LIBRARY_STYLE = STATIC;
				MACOSX_DEPLOYMENT_TARGET = "";
				PLIST_FILE_OUTPUT_FORMAT = "same-as-input";
				PREBINDING = NO;
				PRODUCT_NAME = SEiPhoneOES2Rendererd_iPhoneSim;
				SHARED_PRECOMPS_DIR = "$(BUILD_DIR)/$(CONFIGURATION)/Debug_iPhoneSim";
				SKIP_INSTALL = YES;
				STRINGS_FILE_OUTPUT_ENCODING = "UTF-16";
				WARNING_CFLAGS = (
					"-Wmost",
					"-Wno-four-char-constants",
					"-Wno-unknown-pragmas",
				);
			};
			name = Default;
		};
		528989700E9DB4FD000BBA95 /* Default */ = {
			isa = XCBuildConfiguration;
			buildSettings = {
				ALWAYS_SEARCH_USER_PATHS = YES;
				ARCHS = "$(ARCHS_UNIVERSAL_IPHONE_OS)";
				CONFIGURATION_BUILD_DIR = "$(BUILD_DIR)/$(CONFIGURATION)";
				CONFIGURATION_TEMP_DIR = "$(PROJECT_TEMP_DIR)/$(CONFIGURATION)";
				COPY_PHASE_STRIP = YES;
				DEBUG_INFORMATION_FORMAT = dwarf;
				GCC_DYNAMIC_NO_PIC = NO;
				GCC_ENABLE_CPP_RTTI = NO;
				GCC_ENABLE_FIX_AND_CONTINUE = NO;
				GCC_GENERATE_DEBUGGING_SYMBOLS = NO;
				GCC_MODEL_TUNING = G4;
				GCC_OPTIMIZATION_LEVEL = s;
				GCC_PRECOMPILE_PREFIX_HEADER = YES;
				GCC_PREFIX_HEADER = SEOGLES2RendererPCH.h;
				GCC_PREPROCESSOR_DEFINITIONS = NDEBUG;
				GCC_WARN_ABOUT_DEPRECATED_FUNCTIONS = YES;
				GCC_WARN_UNUSED_VARIABLE = YES;
				HEADER_SEARCH_PATHS = "${SRCROOT}/../../SDK/Include";
				INFOPLIST_OUTPUT_FORMAT = "same-as-input";
				INSTALL_PATH = /usr/local/lib;
				LIBRARY_STYLE = STATIC;
				MACOSX_DEPLOYMENT_TARGET = "";
				PLIST_FILE_OUTPUT_FORMAT = "same-as-input";
				PREBINDING = NO;
				PRODUCT_NAME = SEiPhoneOES2Renderer_iPhoneSim;
				SHARED_PRECOMPS_DIR = "$(BUILD_DIR)/$(CONFIGURATION)/Release_iPhoneSim";
				SKIP_INSTALL = YES;
				STRINGS_FILE_OUTPUT_ENCODING = "UTF-16";
				WARNING_CFLAGS = (
					"-Wmost",
					"-Wno-four-char-constants",
					"-Wno-unknown-pragmas",
				);
			};
			name = Default;
		};
		DD9CF057119BE90200804F1A /* Default */ = {
			isa = XCBuildConfiguration;
			buildSettings = {
				ALWAYS_SEARCH_USER_PATHS = YES;
				CONFIGURATION_BUILD_DIR = "$(BUILD_DIR)/$(CONFIGURATION)";
				CONFIGURATION_TEMP_DIR = "$(PROJECT_TEMP_DIR)/$(CONFIGURATION)";
				COPY_PHASE_STRIP = NO;
				DEAD_CODE_STRIPPING = NO;
				DEBUG_INFORMATION_FORMAT = dwarf;
				GCC_ENABLE_CPP_RTTI = NO;
				GCC_OPTIMIZATION_LEVEL = 0;
				GCC_PRECOMPILE_PREFIX_HEADER = YES;
				GCC_PREFIX_HEADER = SEOGLES2RendererPCH.h;
				GCC_PREPROCESSOR_DEFINITIONS = _DEBUG;
				GCC_WARN_UNUSED_VARIABLE = YES;
				HEADER_SEARCH_PATHS = "${SRCROOT}/../../SDK/Include";
				INFOPLIST_OUTPUT_FORMAT = "same-as-input";
				LIBRARY_STYLE = STATIC;
				PLIST_FILE_OUTPUT_FORMAT = "same-as-input";
				PREBINDING = NO;
				PRODUCT_NAME = SEiPhoneOES2Rendererd_iPhoneDev;
				SDKROOT = iphoneos;
				SHARED_PRECOMPS_DIR = "$(BUILD_DIR)/$(CONFIGURATION)/Debug_iPhoneDev";
				STRINGS_FILE_OUTPUT_ENCODING = "UTF-16";
				WARNING_CFLAGS = (
					"-Wmost",
					"-Wno-four-char-constants",
					"-Wno-unknown-pragmas",
				);
			};
			name = Default;
		};
		DD9CF05E119BE92300804F1A /* Default */ = {
			isa = XCBuildConfiguration;
			buildSettings = {
				ALWAYS_SEARCH_USER_PATHS = YES;
				ARCHS = "$(ARCHS_UNIVERSAL_IPHONE_OS)";
				CONFIGURATION_BUILD_DIR = "$(BUILD_DIR)/$(CONFIGURATION)";
				CONFIGURATION_TEMP_DIR = "$(PROJECT_TEMP_DIR)/$(CONFIGURATION)";
				DEAD_CODE_STRIPPING = NO;
				DEBUG_INFORMATION_FORMAT = dwarf;
				GCC_ENABLE_CPP_RTTI = NO;
				GCC_GENERATE_DEBUGGING_SYMBOLS = NO;
				GCC_PRECOMPILE_PREFIX_HEADER = YES;
				GCC_PREFIX_HEADER = SEOGLES2RendererPCH.h;
				GCC_PREPROCESSOR_DEFINITIONS = NDEBUG;
				GCC_WARN_UNUSED_VARIABLE = YES;
				HEADER_SEARCH_PATHS = "${SRCROOT}/../../SDK/Include";
				INFOPLIST_OUTPUT_FORMAT = "same-as-input";
				LIBRARY_STYLE = STATIC;
				PLIST_FILE_OUTPUT_FORMAT = "same-as-input";
				PREBINDING = NO;
				PRODUCT_NAME = SEiPhoneOES2Renderer_iPhoneDev;
				SDKROOT = iphoneos;
				SHARED_PRECOMPS_DIR = "$(BUILD_DIR)/$(CONFIGURATION)/Release_iPhoneDev";
				STRINGS_FILE_OUTPUT_ENCODING = "UTF-16";
				WARNING_CFLAGS = (
					"-Wmost",
					"-Wno-four-char-constants",
					"-Wno-unknown-pragmas",
				);
			};
			name = Default;
		};
/* End XCBuildConfiguration section */

/* Begin XCConfigurationList section */
		528989540E9DB486000BBA95 /* Build configuration list for PBXProject "SE_iPhoneOES2_Renderer" */ = {
			isa = XCConfigurationList;
			buildConfigurations = (
				528989520E9DB486000BBA95 /* Default */,
			);
			defaultConfigurationIsVisible = 0;
			defaultConfigurationName = Default;
		};
		5289896A0E9DB4E8000BBA95 /* Build configuration list for PBXNativeTarget "Debug iPhoneSim" */ = {
			isa = XCConfigurationList;
			buildConfigurations = (
				528989680E9DB4E8000BBA95 /* Default */,
			);
			defaultConfigurationIsVisible = 0;
			defaultConfigurationName = Default;
		};
		528989740E9DB508000BBA95 /* Build configuration list for PBXNativeTarget "Release iPhoneSim" */ = {
			isa = XCConfigurationList;
			buildConfigurations = (
				528989700E9DB4FD000BBA95 /* Default */,
			);
			defaultConfigurationIsVisible = 0;
			defaultConfigurationName = Default;
		};
		DD9CF058119BE92000804F1A /* Build configuration list for PBXNativeTarget "Debug iPhoneDev" */ = {
			isa = XCConfigurationList;
			buildConfigurations = (
				DD9CF057119BE90200804F1A /* Default */,
			);
			defaultConfigurationIsVisible = 0;
			defaultConfigurationName = Default;
		};
		DD9CF082119BE97D00804F1A /* Build configuration list for PBXNativeTarget "Release iPhoneDev" */ = {
			isa = XCConfigurationList;
			buildConfigurations = (
				DD9CF05E119BE92300804F1A /* Default */,
			);
			defaultConfigurationIsVisible = 0;
			defaultConfigurationName = Default;
		};
/* End XCConfigurationList section */
	};
	rootObject = 528989510E9DB486000BBA95 /* Project object */;
}
