
Microsoft Visual Studio Solution File, Format Version 9.00
# Visual Studio 2005
Project("{FAE04EC0-301F-11D3-BF4B-00C04F79EFBC}") = "SESceneEditorGUI_VC80", "SESceneEditorGUI_VC80.csproj", "{7BDC5A0C-6DBD-455D-9C17-B06F0891D5AF}"
EndProject
Global
	GlobalSection(SolutionConfigurationPlatforms) = preSolution
		Debug DLL|Any CPU = Debug DLL|Any CPU
		Release DLL|Any CPU = Release DLL|Any CPU
	EndGlobalSection
	GlobalSection(ProjectConfigurationPlatforms) = postSolution
		{7BDC5A0C-6DBD-455D-9C17-B06F0891D5AF}.Debug DLL|Any CPU.ActiveCfg = Debug DLL|Any CPU
		{7BDC5A0C-6DBD-455D-9C17-B06F0891D5AF}.Debug DLL|Any CPU.Build.0 = Debug DLL|Any CPU
		{7BDC5A0C-6DBD-455D-9C17-B06F0891D5AF}.Release DLL|Any CPU.ActiveCfg = Release DLL|Any CPU
		{7BDC5A0C-6DBD-455D-9C17-B06F0891D5AF}.Release DLL|Any CPU.Build.0 = Release DLL|Any CPU
	EndGlobalSection
	GlobalSection(SolutionProperties) = preSolution
		HideSolutionNode = FALSE
	EndGlobalSection
EndGlobal
